
Microsoft Visual Studio Solution File, Format Version 12.00
# Visual Studio 14
VisualStudioVersion = 14.0.23107.0
MinimumVisualStudioVersion = 10.0.40219.1
Project("{FAE04EC0-301F-11D3-BF4B-00C04F79EFBC}") = "DATabase", "DATabase\DATabase.csproj", "{3B615702-1866-4D7B-8AF1-7B43FD0CC1D0}"
EndProject
Project("{FAE04EC0-301F-11D3-BF4B-00C04F79EFBC}") = "Headerer", "Deheader\Headerer.csproj", "{66339C8A-F331-467C-B311-08A8F7284671}"
EndProject
Project("{FAE04EC0-301F-11D3-BF4B-00C04F79EFBC}") = "SabreToolsUI", "SabreToolsUI\SabreToolsUI.csproj", "{7DC54E53-4A46-4323-97E1-062EEFB7E4BC}"
EndProject
Project("{FAE04EC0-301F-11D3-BF4B-00C04F79EFBC}") = "SabreHelper", "SabreHelper\SabreHelper.csproj", "{225A1AFD-0890-44E8-B779-7502665C23A5}"
EndProject
Project("{FAE04EC0-301F-11D3-BF4B-00C04F79EFBC}") = "DATFromDir", "DATFromDir\DATFromDir.csproj", "{382B75D3-079E-49D5-A830-54DD6EB5A02D}"
EndProject
Project("{FAE04EC0-301F-11D3-BF4B-00C04F79EFBC}") = "MergeDAT", "MergeDAT\MergeDAT.csproj", "{785A4E9E-0DC1-4FAD-AA3A-57B5B122CD8E}"
EndProject
Global
	GlobalSection(SolutionConfigurationPlatforms) = preSolution
		Debug|Any CPU = Debug|Any CPU
		Release|Any CPU = Release|Any CPU
	EndGlobalSection
	GlobalSection(ProjectConfigurationPlatforms) = postSolution
		{3B615702-1866-4D7B-8AF1-7B43FD0CC1D0}.Debug|Any CPU.ActiveCfg = Debug|Any CPU
		{3B615702-1866-4D7B-8AF1-7B43FD0CC1D0}.Debug|Any CPU.Build.0 = Debug|Any CPU
		{3B615702-1866-4D7B-8AF1-7B43FD0CC1D0}.Release|Any CPU.ActiveCfg = Release|Any CPU
		{3B615702-1866-4D7B-8AF1-7B43FD0CC1D0}.Release|Any CPU.Build.0 = Release|Any CPU
		{3B615702-1866-4D7B-8AF1-7B43FD0CC1D0}.Release|Any CPU.Deploy.0 = Release|Any CPU
		{66339C8A-F331-467C-B311-08A8F7284671}.Debug|Any CPU.ActiveCfg = Debug|Any CPU
		{66339C8A-F331-467C-B311-08A8F7284671}.Debug|Any CPU.Build.0 = Debug|Any CPU
		{66339C8A-F331-467C-B311-08A8F7284671}.Release|Any CPU.ActiveCfg = Release|Any CPU
		{66339C8A-F331-467C-B311-08A8F7284671}.Release|Any CPU.Build.0 = Release|Any CPU
		{7DC54E53-4A46-4323-97E1-062EEFB7E4BC}.Debug|Any CPU.ActiveCfg = Debug|Any CPU
		{7DC54E53-4A46-4323-97E1-062EEFB7E4BC}.Debug|Any CPU.Build.0 = Debug|Any CPU
		{7DC54E53-4A46-4323-97E1-062EEFB7E4BC}.Release|Any CPU.ActiveCfg = Release|Any CPU
		{7DC54E53-4A46-4323-97E1-062EEFB7E4BC}.Release|Any CPU.Build.0 = Release|Any CPU
		{225A1AFD-0890-44E8-B779-7502665C23A5}.Debug|Any CPU.ActiveCfg = Debug|Any CPU
		{225A1AFD-0890-44E8-B779-7502665C23A5}.Debug|Any CPU.Build.0 = Debug|Any CPU
		{225A1AFD-0890-44E8-B779-7502665C23A5}.Release|Any CPU.ActiveCfg = Release|Any CPU
		{225A1AFD-0890-44E8-B779-7502665C23A5}.Release|Any CPU.Build.0 = Release|Any CPU
		{382B75D3-079E-49D5-A830-54DD6EB5A02D}.Debug|Any CPU.ActiveCfg = Debug|Any CPU
		{382B75D3-079E-49D5-A830-54DD6EB5A02D}.Debug|Any CPU.Build.0 = Debug|Any CPU
		{382B75D3-079E-49D5-A830-54DD6EB5A02D}.Release|Any CPU.ActiveCfg = Release|Any CPU
		{382B75D3-079E-49D5-A830-54DD6EB5A02D}.Release|Any CPU.Build.0 = Release|Any CPU
		{785A4E9E-0DC1-4FAD-AA3A-57B5B122CD8E}.Debug|Any CPU.ActiveCfg = Debug|Any CPU
		{785A4E9E-0DC1-4FAD-AA3A-57B5B122CD8E}.Debug|Any CPU.Build.0 = Debug|Any CPU
		{785A4E9E-0DC1-4FAD-AA3A-57B5B122CD8E}.Release|Any CPU.ActiveCfg = Release|Any CPU
		{785A4E9E-0DC1-4FAD-AA3A-57B5B122CD8E}.Release|Any CPU.Build.0 = Release|Any CPU
	EndGlobalSection
	GlobalSection(SolutionProperties) = preSolution
		HideSolutionNode = FALSE
	EndGlobalSection
EndGlobal
