
Microsoft Visual Studio Solution File, Format Version 12.00
# Visual Studio 14
VisualStudioVersion = 14.0.23107.0
MinimumVisualStudioVersion = 10.0.40219.1
Project("{FAE04EC0-301F-11D3-BF4B-00C04F79EFBC}") = "SabreTools", "SabreTools\SabreTools.csproj", "{3B615702-1866-4D7B-8AF1-7B43FD0CC1D0}"
EndProject
Project("{FAE04EC0-301F-11D3-BF4B-00C04F79EFBC}") = "Headerer", "Deheader\Headerer.csproj", "{66339C8A-F331-467C-B311-08A8F7284671}"
EndProject
Project("{FAE04EC0-301F-11D3-BF4B-00C04F79EFBC}") = "SabreToolsUI", "SabreToolsUI\SabreToolsUI.csproj", "{7DC54E53-4A46-4323-97E1-062EEFB7E4BC}"
EndProject
Project("{FAE04EC0-301F-11D3-BF4B-00C04F79EFBC}") = "SabreTools.Helper", "SabreTools.Helper\SabreTools.Helper.csproj", "{225A1AFD-0890-44E8-B779-7502665C23A5}"
EndProject
Project("{FAE04EC0-301F-11D3-BF4B-00C04F79EFBC}") = "SimpleSort", "SimpleSort\SimpleSort.csproj", "{7668FFA4-19AF-4F5D-8463-C7EF5B080FA4}"
EndProject
Project("{FAE04EC0-301F-11D3-BF4B-00C04F79EFBC}") = "TGZConvert", "TGZConvert\TGZConvert.csproj", "{73FBE2C1-39FB-4FFC-93F4-FB4998492429}"
EndProject
Project("{FAE04EC0-301F-11D3-BF4B-00C04F79EFBC}") = "RombaSharp", "RombaSharp\RombaSharp.csproj", "{4728D479-8CFB-43E9-8C63-4774C6D73200}"
EndProject
Global
	GlobalSection(SolutionConfigurationPlatforms) = preSolution
		Debug|Any CPU = Debug|Any CPU
		Debug|x64 = Debug|x64
		Release|Any CPU = Release|Any CPU
		Release|x64 = Release|x64
	EndGlobalSection
	GlobalSection(ProjectConfigurationPlatforms) = postSolution
		{3B615702-1866-4D7B-8AF1-7B43FD0CC1D0}.Debug|Any CPU.ActiveCfg = Debug|Any CPU
		{3B615702-1866-4D7B-8AF1-7B43FD0CC1D0}.Debug|Any CPU.Build.0 = Debug|Any CPU
		{3B615702-1866-4D7B-8AF1-7B43FD0CC1D0}.Debug|x64.ActiveCfg = Debug|x64
		{3B615702-1866-4D7B-8AF1-7B43FD0CC1D0}.Debug|x64.Build.0 = Debug|x64
		{3B615702-1866-4D7B-8AF1-7B43FD0CC1D0}.Release|Any CPU.ActiveCfg = Release|Any CPU
		{3B615702-1866-4D7B-8AF1-7B43FD0CC1D0}.Release|Any CPU.Build.0 = Release|Any CPU
		{3B615702-1866-4D7B-8AF1-7B43FD0CC1D0}.Release|Any CPU.Deploy.0 = Release|Any CPU
		{3B615702-1866-4D7B-8AF1-7B43FD0CC1D0}.Release|x64.ActiveCfg = Release|x64
		{3B615702-1866-4D7B-8AF1-7B43FD0CC1D0}.Release|x64.Build.0 = Release|x64
		{66339C8A-F331-467C-B311-08A8F7284671}.Debug|Any CPU.ActiveCfg = Debug|Any CPU
		{66339C8A-F331-467C-B311-08A8F7284671}.Debug|Any CPU.Build.0 = Debug|Any CPU
		{66339C8A-F331-467C-B311-08A8F7284671}.Debug|x64.ActiveCfg = Debug|x64
		{66339C8A-F331-467C-B311-08A8F7284671}.Debug|x64.Build.0 = Debug|x64
		{66339C8A-F331-467C-B311-08A8F7284671}.Release|Any CPU.ActiveCfg = Release|Any CPU
		{66339C8A-F331-467C-B311-08A8F7284671}.Release|Any CPU.Build.0 = Release|Any CPU
		{66339C8A-F331-467C-B311-08A8F7284671}.Release|x64.ActiveCfg = Release|x64
		{66339C8A-F331-467C-B311-08A8F7284671}.Release|x64.Build.0 = Release|x64
		{7DC54E53-4A46-4323-97E1-062EEFB7E4BC}.Debug|Any CPU.ActiveCfg = Debug|Any CPU
		{7DC54E53-4A46-4323-97E1-062EEFB7E4BC}.Debug|x64.ActiveCfg = Debug|x64
		{7DC54E53-4A46-4323-97E1-062EEFB7E4BC}.Release|Any CPU.ActiveCfg = Release|Any CPU
		{7DC54E53-4A46-4323-97E1-062EEFB7E4BC}.Release|x64.ActiveCfg = Release|x64
		{225A1AFD-0890-44E8-B779-7502665C23A5}.Debug|Any CPU.ActiveCfg = Debug|Any CPU
		{225A1AFD-0890-44E8-B779-7502665C23A5}.Debug|Any CPU.Build.0 = Debug|Any CPU
		{225A1AFD-0890-44E8-B779-7502665C23A5}.Debug|x64.ActiveCfg = Debug|x64
		{225A1AFD-0890-44E8-B779-7502665C23A5}.Debug|x64.Build.0 = Debug|x64
		{225A1AFD-0890-44E8-B779-7502665C23A5}.Release|Any CPU.ActiveCfg = Release|Any CPU
		{225A1AFD-0890-44E8-B779-7502665C23A5}.Release|Any CPU.Build.0 = Release|Any CPU
		{225A1AFD-0890-44E8-B779-7502665C23A5}.Release|x64.ActiveCfg = Release|x64
		{225A1AFD-0890-44E8-B779-7502665C23A5}.Release|x64.Build.0 = Release|x64
		{7668FFA4-19AF-4F5D-8463-C7EF5B080FA4}.Debug|Any CPU.ActiveCfg = Debug|Any CPU
		{7668FFA4-19AF-4F5D-8463-C7EF5B080FA4}.Debug|Any CPU.Build.0 = Debug|Any CPU
		{7668FFA4-19AF-4F5D-8463-C7EF5B080FA4}.Debug|x64.ActiveCfg = Debug|x64
		{7668FFA4-19AF-4F5D-8463-C7EF5B080FA4}.Debug|x64.Build.0 = Debug|x64
		{7668FFA4-19AF-4F5D-8463-C7EF5B080FA4}.Release|Any CPU.ActiveCfg = Release|Any CPU
		{7668FFA4-19AF-4F5D-8463-C7EF5B080FA4}.Release|Any CPU.Build.0 = Release|Any CPU
		{7668FFA4-19AF-4F5D-8463-C7EF5B080FA4}.Release|x64.ActiveCfg = Release|x64
		{7668FFA4-19AF-4F5D-8463-C7EF5B080FA4}.Release|x64.Build.0 = Release|x64
		{73FBE2C1-39FB-4FFC-93F4-FB4998492429}.Debug|Any CPU.ActiveCfg = Debug|Any CPU
		{73FBE2C1-39FB-4FFC-93F4-FB4998492429}.Debug|Any CPU.Build.0 = Debug|Any CPU
		{73FBE2C1-39FB-4FFC-93F4-FB4998492429}.Debug|x64.ActiveCfg = Debug|x64
		{73FBE2C1-39FB-4FFC-93F4-FB4998492429}.Debug|x64.Build.0 = Debug|x64
		{73FBE2C1-39FB-4FFC-93F4-FB4998492429}.Release|Any CPU.ActiveCfg = Release|Any CPU
		{73FBE2C1-39FB-4FFC-93F4-FB4998492429}.Release|Any CPU.Build.0 = Release|Any CPU
		{73FBE2C1-39FB-4FFC-93F4-FB4998492429}.Release|x64.ActiveCfg = Release|Any CPU
		{73FBE2C1-39FB-4FFC-93F4-FB4998492429}.Release|x64.Build.0 = Release|Any CPU
		{4728D479-8CFB-43E9-8C63-4774C6D73200}.Debug|Any CPU.ActiveCfg = Debug|Any CPU
		{4728D479-8CFB-43E9-8C63-4774C6D73200}.Debug|Any CPU.Build.0 = Debug|Any CPU
		{4728D479-8CFB-43E9-8C63-4774C6D73200}.Debug|x64.ActiveCfg = Debug|x64
		{4728D479-8CFB-43E9-8C63-4774C6D73200}.Debug|x64.Build.0 = Debug|x64
		{4728D479-8CFB-43E9-8C63-4774C6D73200}.Release|Any CPU.ActiveCfg = Release|Any CPU
		{4728D479-8CFB-43E9-8C63-4774C6D73200}.Release|Any CPU.Build.0 = Release|Any CPU
		{4728D479-8CFB-43E9-8C63-4774C6D73200}.Release|x64.ActiveCfg = Release|x64
		{4728D479-8CFB-43E9-8C63-4774C6D73200}.Release|x64.Build.0 = Release|x64
	EndGlobalSection
	GlobalSection(SolutionProperties) = preSolution
		HideSolutionNode = FALSE
	EndGlobalSection
EndGlobal
